{
  "name": "pern-tech-stack-scaffold",
  "version": "1.0.0",
  "lockfileVersion": 2,
  "requires": true,
  "packages": {
    "": {
      "name": "pern-tech-stack-scaffold",
      "version": "1.0.0",
      "license": "ISC",
      "bin": {
        "pern-tech-stack-scaffold": "bin/dbReset.js"
      }
    }
  }
}
